
Microsoft Visual Studio Solution File, Format Version 12.00
# Visual Studio Version 16
VisualStudioVersion = 16.0.29001.49
MinimumVisualStudioVersion = 10.0.40219.1
Project("{9A19103F-16F7-4668-BE54-9A1E7A4F7556}") = "LogManagerWebApp", "LogManagerWebApp\LogManagerWebApp.csproj", "{888E2FE3-D293-4307-B9E2-30ECF50F9D8F}"
EndProject
Project("{9A19103F-16F7-4668-BE54-9A1E7A4F7556}") = "LogManager.Data", "LogManager.Data\LogManager.Data.csproj", "{01C99A63-AD8D-47DF-8237-C59F858FFF9E}"
EndProject
Project("{9A19103F-16F7-4668-BE54-9A1E7A4F7556}") = "LogManager.Core", "LogManager.Core\LogManager.Core.csproj", "{80D69624-4E04-4C68-8C99-7334D3336E7B}"
EndProject
Global
	GlobalSection(SolutionConfigurationPlatforms) = preSolution
		Debug|Any CPU = Debug|Any CPU
		Release|Any CPU = Release|Any CPU
	EndGlobalSection
	GlobalSection(ProjectConfigurationPlatforms) = postSolution
		{888E2FE3-D293-4307-B9E2-30ECF50F9D8F}.Debug|Any CPU.ActiveCfg = Debug|Any CPU
		{888E2FE3-D293-4307-B9E2-30ECF50F9D8F}.Debug|Any CPU.Build.0 = Debug|Any CPU
		{888E2FE3-D293-4307-B9E2-30ECF50F9D8F}.Release|Any CPU.ActiveCfg = Release|Any CPU
		{888E2FE3-D293-4307-B9E2-30ECF50F9D8F}.Release|Any CPU.Build.0 = Release|Any CPU
		{01C99A63-AD8D-47DF-8237-C59F858FFF9E}.Debug|Any CPU.ActiveCfg = Debug|Any CPU
		{01C99A63-AD8D-47DF-8237-C59F858FFF9E}.Debug|Any CPU.Build.0 = Debug|Any CPU
		{01C99A63-AD8D-47DF-8237-C59F858FFF9E}.Release|Any CPU.ActiveCfg = Release|Any CPU
		{01C99A63-AD8D-47DF-8237-C59F858FFF9E}.Release|Any CPU.Build.0 = Release|Any CPU
		{80D69624-4E04-4C68-8C99-7334D3336E7B}.Debug|Any CPU.ActiveCfg = Debug|Any CPU
		{80D69624-4E04-4C68-8C99-7334D3336E7B}.Debug|Any CPU.Build.0 = Debug|Any CPU
		{80D69624-4E04-4C68-8C99-7334D3336E7B}.Release|Any CPU.ActiveCfg = Release|Any CPU
		{80D69624-4E04-4C68-8C99-7334D3336E7B}.Release|Any CPU.Build.0 = Release|Any CPU
	EndGlobalSection
	GlobalSection(SolutionProperties) = preSolution
		HideSolutionNode = FALSE
	EndGlobalSection
	GlobalSection(ExtensibilityGlobals) = postSolution
		SolutionGuid = {65EDA923-EF99-4148-B7F1-FE78A4C29183}
	EndGlobalSection
EndGlobal
